
Microsoft Visual Studio Solution File, Format Version 12.00
# Visual Studio Version 16
VisualStudioVersion = 16.0.30907.101
MinimumVisualStudioVersion = 10.0.40219.1
Project("{9A19103F-16F7-4668-BE54-9A1E7A4F7556}") = "Blace", "Blace\Blace.csproj", "{C2345552-8772-4438-AB15-039E827DABC1}"
EndProject
Project("{9A19103F-16F7-4668-BE54-9A1E7A4F7556}") = "Blace.TestEditor", "Blace.TestEditor\Blace.TestEditor.csproj", "{1A3761BE-3346-46A2-AFC8-7BE2F87A8D69}"
EndProject
Global
	GlobalSection(SolutionConfigurationPlatforms) = preSolution
		Debug|Any CPU = Debug|Any CPU
		Release|Any CPU = Release|Any CPU
	EndGlobalSection
	GlobalSection(ProjectConfigurationPlatforms) = postSolution
		{C2345552-8772-4438-AB15-039E827DABC1}.Debug|Any CPU.ActiveCfg = Debug|Any CPU
		{C2345552-8772-4438-AB15-039E827DABC1}.Debug|Any CPU.Build.0 = Debug|Any CPU
		{C2345552-8772-4438-AB15-039E827DABC1}.Release|Any CPU.ActiveCfg = Release|Any CPU
		{C2345552-8772-4438-AB15-039E827DABC1}.Release|Any CPU.Build.0 = Release|Any CPU
		{1A3761BE-3346-46A2-AFC8-7BE2F87A8D69}.Debug|Any CPU.ActiveCfg = Debug|Any CPU
		{1A3761BE-3346-46A2-AFC8-7BE2F87A8D69}.Debug|Any CPU.Build.0 = Debug|Any CPU
		{1A3761BE-3346-46A2-AFC8-7BE2F87A8D69}.Release|Any CPU.ActiveCfg = Release|Any CPU
		{1A3761BE-3346-46A2-AFC8-7BE2F87A8D69}.Release|Any CPU.Build.0 = Release|Any CPU
	EndGlobalSection
	GlobalSection(SolutionProperties) = preSolution
		HideSolutionNode = FALSE
	EndGlobalSection
	GlobalSection(ExtensibilityGlobals) = postSolution
		SolutionGuid = {BE22DC0F-788C-4672-9DD6-86CEE5103466}
	EndGlobalSection
EndGlobal
